
Microsoft Visual Studio Solution File, Format Version 12.00
# Visual Studio Version 17
VisualStudioVersion = 17.1.32228.430
MinimumVisualStudioVersion = 10.0.40219.1
Project("{FAE04EC0-301F-11D3-BF4B-00C04F79EFBC}") = "MagicOnionTest.Service", "MagicOnionTest\MagicOnionTest.Service.csproj", "{473D7CFC-2D53-4A4F-BFD1-828C22CC999D}"
EndProject
Project("{FAE04EC0-301F-11D3-BF4B-00C04F79EFBC}") = "MagicOnionTest.Client", "MagicOnion.Client\MagicOnionTest.Client.csproj", "{C42BABAC-1EF6-425C-AECE-93A67049B122}"
EndProject
Global
	GlobalSection(SolutionConfigurationPlatforms) = preSolution
		Debug|Any CPU = Debug|Any CPU
		Release|Any CPU = Release|Any CPU
	EndGlobalSection
	GlobalSection(ProjectConfigurationPlatforms) = postSolution
		{473D7CFC-2D53-4A4F-BFD1-828C22CC999D}.Debug|Any CPU.ActiveCfg = Debug|Any CPU
		{473D7CFC-2D53-4A4F-BFD1-828C22CC999D}.Debug|Any CPU.Build.0 = Debug|Any CPU
		{473D7CFC-2D53-4A4F-BFD1-828C22CC999D}.Release|Any CPU.ActiveCfg = Release|Any CPU
		{473D7CFC-2D53-4A4F-BFD1-828C22CC999D}.Release|Any CPU.Build.0 = Release|Any CPU
		{C42BABAC-1EF6-425C-AECE-93A67049B122}.Debug|Any CPU.ActiveCfg = Debug|Any CPU
		{C42BABAC-1EF6-425C-AECE-93A67049B122}.Debug|Any CPU.Build.0 = Debug|Any CPU
		{C42BABAC-1EF6-425C-AECE-93A67049B122}.Release|Any CPU.ActiveCfg = Release|Any CPU
		{C42BABAC-1EF6-425C-AECE-93A67049B122}.Release|Any CPU.Build.0 = Release|Any CPU
	EndGlobalSection
	GlobalSection(SolutionProperties) = preSolution
		HideSolutionNode = FALSE
	EndGlobalSection
	GlobalSection(ExtensibilityGlobals) = postSolution
		SolutionGuid = {B25ECE7D-10C2-4C94-8C39-7A1E74D8D4DE}
	EndGlobalSection
EndGlobal
